// !$*UTF8*$!
{
	archiveVersion = 1;
	classes = {
	};
	objectVersion = 46;
	objects = {

/* Begin PBXBuildFile section */
		B63418AB174D4A1B0040891B /* Default-568h@2x.png in Resources */ = {isa = PBXBuildFile; fileRef = B63418AA174D4A1B0040891B /* Default-568h@2x.png */; };
		B63A34CF1705FF53001CDDFD /* IndefiniteIntegral.m in Sources */ = {isa = PBXBuildFile; fileRef = B63A34CD1705FF52001CDDFD /* IndefiniteIntegral.m */; };
		B63A34D01705FF53001CDDFD /* IndefiniteIntegral.xib in Resources */ = {isa = PBXBuildFile; fileRef = B63A34CE1705FF52001CDDFD /* IndefiniteIntegral.xib */; };
		B63A34D317066F00001CDDFD /* IndefiniteIntegralHolder.m in Sources */ = {isa = PBXBuildFile; fileRef = B63A34D217066EFF001CDDFD /* IndefiniteIntegralHolder.m */; };
		B64198451708FE5C00D2E47C /* iAd.framework in Frameworks */ = {isa = PBXBuildFile; fileRef = B64198441708FE5C00D2E47C /* iAd.framework */; };
		B64198481709001C00D2E47C /* DefiniteIntegralHolder.m in Sources */ = {isa = PBXBuildFile; fileRef = B64198471709001C00D2E47C /* DefiniteIntegralHolder.m */; };
		B661524617541DC40076BFC8 /* BrainBuilderCalc1024_2.png in Resources */ = {isa = PBXBuildFile; fileRef = B661524517541DC40076BFC8 /* BrainBuilderCalc1024_2.png */; };
		B6806E8416618A6A001B52CF /* UIKit.framework in Frameworks */ = {isa = PBXBuildFile; fileRef = B6806E8316618A6A001B52CF /* UIKit.framework */; };
		B6806E8616618A6A001B52CF /* Foundation.framework in Frameworks */ = {isa = PBXBuildFile; fileRef = B6806E8516618A6A001B52CF /* Foundation.framework */; };
		B6806E8816618A6A001B52CF /* CoreGraphics.framework in Frameworks */ = {isa = PBXBuildFile; fileRef = B6806E8716618A6A001B52CF /* CoreGraphics.framework */; };
		B6806E8E16618A6A001B52CF /* InfoPlist.strings in Resources */ = {isa = PBXBuildFile; fileRef = B6806E8C16618A6A001B52CF /* InfoPlist.strings */; };
		B6806E9016618A6A001B52CF /* main.m in Sources */ = {isa = PBXBuildFile; fileRef = B6806E8F16618A6A001B52CF /* main.m */; };
		B6806E9416618A6A001B52CF /* AppDelegate.m in Sources */ = {isa = PBXBuildFile; fileRef = B6806E9316618A6A001B52CF /* AppDelegate.m */; };
		B6806E9C16618A6B001B52CF /* SenTestingKit.framework in Frameworks */ = {isa = PBXBuildFile; fileRef = B6806E9B16618A6B001B52CF /* SenTestingKit.framework */; };
		B6806E9D16618A6B001B52CF /* UIKit.framework in Frameworks */ = {isa = PBXBuildFile; fileRef = B6806E8316618A6A001B52CF /* UIKit.framework */; };
		B6806E9E16618A6B001B52CF /* Foundation.framework in Frameworks */ = {isa = PBXBuildFile; fileRef = B6806E8516618A6A001B52CF /* Foundation.framework */; };
		B6806EA616618A6B001B52CF /* InfoPlist.strings in Resources */ = {isa = PBXBuildFile; fileRef = B6806EA416618A6B001B52CF /* InfoPlist.strings */; };
		B6806EA916618A6B001B52CF /* BrainBuilderCalcTests.m in Sources */ = {isa = PBXBuildFile; fileRef = B6806EA816618A6B001B52CF /* BrainBuilderCalcTests.m */; };
		B6806EBA16618B7C001B52CF /* GamePage.m in Sources */ = {isa = PBXBuildFile; fileRef = B6806EB816618B7C001B52CF /* GamePage.m */; };
		B6806EBB16618B7C001B52CF /* GamePage.xib in Resources */ = {isa = PBXBuildFile; fileRef = B6806EB916618B7C001B52CF /* GamePage.xib */; };
		B6806EBE16619029001B52CF /* LimitsHolder.m in Sources */ = {isa = PBXBuildFile; fileRef = B6806EBD16619029001B52CF /* LimitsHolder.m */; };
		B6806EC2166198B0001B52CF /* FirstDerivitivePage.m in Sources */ = {isa = PBXBuildFile; fileRef = B6806EC0166198B0001B52CF /* FirstDerivitivePage.m */; };
		B6806EC3166198B0001B52CF /* FirstDerivitivePage.xib in Resources */ = {isa = PBXBuildFile; fileRef = B6806EC1166198B0001B52CF /* FirstDerivitivePage.xib */; };
		B6806EC7166198CD001B52CF /* SecondDerivitive.m in Sources */ = {isa = PBXBuildFile; fileRef = B6806EC5166198CC001B52CF /* SecondDerivitive.m */; };
		B6806EC8166198CD001B52CF /* SecondDerivitive.xib in Resources */ = {isa = PBXBuildFile; fileRef = B6806EC6166198CC001B52CF /* SecondDerivitive.xib */; };
		B6806ECB16619FC6001B52CF /* FirstDervHolder.m in Sources */ = {isa = PBXBuildFile; fileRef = B6806ECA16619FC6001B52CF /* FirstDervHolder.m */; };
		B6806ECE16619FDA001B52CF /* SecondDervHolder.m in Sources */ = {isa = PBXBuildFile; fileRef = B6806ECD16619FD8001B52CF /* SecondDervHolder.m */; };
		B6806ED21661A988001B52CF /* HighScores.m in Sources */ = {isa = PBXBuildFile; fileRef = B6806ED01661A986001B52CF /* HighScores.m */; };
		B6806ED31661A988001B52CF /* HighScores.xib in Resources */ = {isa = PBXBuildFile; fileRef = B6806ED11661A987001B52CF /* HighScores.xib */; };
		B68AEAF217551CFD00B02D81 /* BrainCalcStartUp.png in Resources */ = {isa = PBXBuildFile; fileRef = B68AEAF117551CFD00B02D81 /* BrainCalcStartUp.png */; };
		B68AEAF4175665AE00B02D81 /* BrainCalcStartUp-568h@2x.png in Resources */ = {isa = PBXBuildFile; fileRef = B68AEAF3175665AE00B02D81 /* BrainCalcStartUp-568h@2x.png */; };
		B68AEAF61756661400B02D81 /* BrainBuilderCalc57.png in Resources */ = {isa = PBXBuildFile; fileRef = B68AEAF51756661400B02D81 /* BrainBuilderCalc57.png */; };
		B68AEB1917567FA400B02D81 /* CalcRootViewController.m in Sources */ = {isa = PBXBuildFile; fileRef = B68AEB1717567FA400B02D81 /* CalcRootViewController.m */; };
		B68AEB1A17567FA400B02D81 /* CalcRootViewController.xib in Resources */ = {isa = PBXBuildFile; fileRef = B68AEB1817567FA400B02D81 /* CalcRootViewController.xib */; };
		B6B958BE1784DF47004294AA /* WebViewController.m in Sources */ = {isa = PBXBuildFile; fileRef = B6B958BC1784DF45004294AA /* WebViewController.m */; };
		B6B958BF1784DF47004294AA /* WebViewController.xib in Resources */ = {isa = PBXBuildFile; fileRef = B6B958BD1784DF46004294AA /* WebViewController.xib */; };
/* End PBXBuildFile section */

/* Begin PBXContainerItemProxy section */
		B6806E9F16618A6B001B52CF /* PBXContainerItemProxy */ = {
			isa = PBXContainerItemProxy;
			containerPortal = B6806E7616618A69001B52CF /* Project object */;
			proxyType = 1;
			remoteGlobalIDString = B6806E7E16618A6A001B52CF;
			remoteInfo = BrainBuilderCalc;
		};
/* End PBXContainerItemProxy section */

/* Begin PBXFileReference section */
		B63418AA174D4A1B0040891B /* Default-568h@2x.png */ = {isa = PBXFileReference; lastKnownFileType = image.png; path = "Default-568h@2x.png"; sourceTree = "<group>"; };
		B63A34CC1705FF52001CDDFD /* IndefiniteIntegral.h */ = {isa = PBXFileReference; fileEncoding = 4; lastKnownFileType = sourcecode.c.h; path = IndefiniteIntegral.h; sourceTree = "<group>"; };
		B63A34CD1705FF52001CDDFD /* IndefiniteIntegral.m */ = {isa = PBXFileReference; fileEncoding = 4; lastKnownFileType = sourcecode.c.objc; path = IndefiniteIntegral.m; sourceTree = "<group>"; };
		B63A34CE1705FF52001CDDFD /* IndefiniteIntegral.xib */ = {isa = PBXFileReference; fileEncoding = 4; lastKnownFileType = file.xib; path = IndefiniteIntegral.xib; sourceTree = "<group>"; };
		B63A34D117066EFF001CDDFD /* IndefiniteIntegralHolder.h */ = {isa = PBXFileReference; fileEncoding = 4; lastKnownFileType = sourcecode.c.h; path = IndefiniteIntegralHolder.h; sourceTree = "<group>"; };
		B63A34D217066EFF001CDDFD /* IndefiniteIntegralHolder.m */ = {isa = PBXFileReference; fileEncoding = 4; lastKnownFileType = sourcecode.c.objc; path = IndefiniteIntegralHolder.m; sourceTree = "<group>"; };
		B64198441708FE5C00D2E47C /* iAd.framework */ = {isa = PBXFileReference; lastKnownFileType = wrapper.framework; name = iAd.framework; path = System/Library/Frameworks/iAd.framework; sourceTree = SDKROOT; };
		B64198461709001C00D2E47C /* DefiniteIntegralHolder.h */ = {isa = PBXFileReference; fileEncoding = 4; lastKnownFileType = sourcecode.c.h; path = DefiniteIntegralHolder.h; sourceTree = "<group>"; };
		B64198471709001C00D2E47C /* DefiniteIntegralHolder.m */ = {isa = PBXFileReference; fileEncoding = 4; lastKnownFileType = sourcecode.c.objc; path = DefiniteIntegralHolder.m; sourceTree = "<group>"; };
		B661524517541DC40076BFC8 /* BrainBuilderCalc1024_2.png */ = {isa = PBXFileReference; lastKnownFileType = image.png; name = BrainBuilderCalc1024_2.png; path = ../../Folders/Pictures/BrainBuilderCalc1024_2.png; sourceTree = "<group>"; };
		B6806E7F16618A6A001B52CF /* BrainBuilderCalc.app */ = {isa = PBXFileReference; explicitFileType = wrapper.application; includeInIndex = 0; path = BrainBuilderCalc.app; sourceTree = BUILT_PRODUCTS_DIR; };
		B6806E8316618A6A001B52CF /* UIKit.framework */ = {isa = PBXFileReference; lastKnownFileType = wrapper.framework; name = UIKit.framework; path = System/Library/Frameworks/UIKit.framework; sourceTree = SDKROOT; };
		B6806E8516618A6A001B52CF /* Foundation.framework */ = {isa = PBXFileReference; lastKnownFileType = wrapper.framework; name = Foundation.framework; path = System/Library/Frameworks/Foundation.framework; sourceTree = SDKROOT; };
		B6806E8716618A6A001B52CF /* CoreGraphics.framework */ = {isa = PBXFileReference; lastKnownFileType = wrapper.framework; name = CoreGraphics.framework; path = System/Library/Frameworks/CoreGraphics.framework; sourceTree = SDKROOT; };
		B6806E8B16618A6A001B52CF /* BrainBuilderCalc-Info.plist */ = {isa = PBXFileReference; lastKnownFileType = text.plist.xml; path = "BrainBuilderCalc-Info.plist"; sourceTree = "<group>"; };
		B6806E8D16618A6A001B52CF /* en */ = {isa = PBXFileReference; lastKnownFileType = text.plist.strings; name = en; path = en.lproj/InfoPlist.strings; sourceTree = "<group>"; };
		B6806E8F16618A6A001B52CF /* main.m */ = {isa = PBXFileReference; lastKnownFileType = sourcecode.c.objc; path = main.m; sourceTree = "<group>"; };
		B6806E9116618A6A001B52CF /* BrainBuilderCalc-Prefix.pch */ = {isa = PBXFileReference; lastKnownFileType = sourcecode.c.h; path = "BrainBuilderCalc-Prefix.pch"; sourceTree = "<group>"; };
		B6806E9216618A6A001B52CF /* AppDelegate.h */ = {isa = PBXFileReference; lastKnownFileType = sourcecode.c.h; path = AppDelegate.h; sourceTree = "<group>"; };
		B6806E9316618A6A001B52CF /* AppDelegate.m */ = {isa = PBXFileReference; lastKnownFileType = sourcecode.c.objc; path = AppDelegate.m; sourceTree = "<group>"; };
		B6806E9A16618A6B001B52CF /* BrainBuilderCalcTests.octest */ = {isa = PBXFileReference; explicitFileType = wrapper.cfbundle; includeInIndex = 0; path = BrainBuilderCalcTests.octest; sourceTree = BUILT_PRODUCTS_DIR; };
		B6806E9B16618A6B001B52CF /* SenTestingKit.framework */ = {isa = PBXFileReference; lastKnownFileType = wrapper.framework; name = SenTestingKit.framework; path = Library/Frameworks/SenTestingKit.framework; sourceTree = DEVELOPER_DIR; };
		B6806EA316618A6B001B52CF /* BrainBuilderCalcTests-Info.plist */ = {isa = PBXFileReference; lastKnownFileType = text.plist.xml; path = "BrainBuilderCalcTests-Info.plist"; sourceTree = "<group>"; };
		B6806EA516618A6B001B52CF /* en */ = {isa = PBXFileReference; lastKnownFileType = text.plist.strings; name = en; path = en.lproj/InfoPlist.strings; sourceTree = "<group>"; };
		B6806EA716618A6B001B52CF /* BrainBuilderCalcTests.h */ = {isa = PBXFileReference; lastKnownFileType = sourcecode.c.h; path = BrainBuilderCalcTests.h; sourceTree = "<group>"; };
		B6806EA816618A6B001B52CF /* BrainBuilderCalcTests.m */ = {isa = PBXFileReference; lastKnownFileType = sourcecode.c.objc; path = BrainBuilderCalcTests.m; sourceTree = "<group>"; };
		B6806EB716618B7C001B52CF /* GamePage.h */ = {isa = PBXFileReference; fileEncoding = 4; lastKnownFileType = sourcecode.c.h; path = GamePage.h; sourceTree = "<group>"; };
		B6806EB816618B7C001B52CF /* GamePage.m */ = {isa = PBXFileReference; fileEncoding = 4; lastKnownFileType = sourcecode.c.objc; path = GamePage.m; sourceTree = "<group>"; };
		B6806EB916618B7C001B52CF /* GamePage.xib */ = {isa = PBXFileReference; fileEncoding = 4; lastKnownFileType = file.xib; path = GamePage.xib; sourceTree = "<group>"; };
		B6806EBC16619029001B52CF /* LimitsHolder.h */ = {isa = PBXFileReference; fileEncoding = 4; lastKnownFileType = sourcecode.c.h; path = LimitsHolder.h; sourceTree = "<group>"; };
		B6806EBD16619029001B52CF /* LimitsHolder.m */ = {isa = PBXFileReference; fileEncoding = 4; lastKnownFileType = sourcecode.c.objc; path = LimitsHolder.m; sourceTree = "<group>"; };
		B6806EBF166198B0001B52CF /* FirstDerivitivePage.h */ = {isa = PBXFileReference; fileEncoding = 4; lastKnownFileType = sourcecode.c.h; path = FirstDerivitivePage.h; sourceTree = "<group>"; };
		B6806EC0166198B0001B52CF /* FirstDerivitivePage.m */ = {isa = PBXFileReference; fileEncoding = 4; lastKnownFileType = sourcecode.c.objc; path = FirstDerivitivePage.m; sourceTree = "<group>"; };
		B6806EC1166198B0001B52CF /* FirstDerivitivePage.xib */ = {isa = PBXFileReference; fileEncoding = 4; lastKnownFileType = file.xib; path = FirstDerivitivePage.xib; sourceTree = "<group>"; };
		B6806EC4166198CC001B52CF /* SecondDerivitive.h */ = {isa = PBXFileReference; fileEncoding = 4; lastKnownFileType = sourcecode.c.h; path = SecondDerivitive.h; sourceTree = "<group>"; };
		B6806EC5166198CC001B52CF /* SecondDerivitive.m */ = {isa = PBXFileReference; fileEncoding = 4; lastKnownFileType = sourcecode.c.objc; path = SecondDerivitive.m; sourceTree = "<group>"; };
		B6806EC6166198CC001B52CF /* SecondDerivitive.xib */ = {isa = PBXFileReference; fileEncoding = 4; lastKnownFileType = file.xib; path = SecondDerivitive.xib; sourceTree = "<group>"; };
		B6806EC916619FC6001B52CF /* FirstDervHolder.h */ = {isa = PBXFileReference; fileEncoding = 4; lastKnownFileType = sourcecode.c.h; path = FirstDervHolder.h; sourceTree = "<group>"; };
		B6806ECA16619FC6001B52CF /* FirstDervHolder.m */ = {isa = PBXFileReference; fileEncoding = 4; lastKnownFileType = sourcecode.c.objc; path = FirstDervHolder.m; sourceTree = "<group>"; };
		B6806ECC16619FD8001B52CF /* SecondDervHolder.h */ = {isa = PBXFileReference; fileEncoding = 4; lastKnownFileType = sourcecode.c.h; path = SecondDervHolder.h; sourceTree = "<group>"; };
		B6806ECD16619FD8001B52CF /* SecondDervHolder.m */ = {isa = PBXFileReference; fileEncoding = 4; lastKnownFileType = sourcecode.c.objc; path = SecondDervHolder.m; sourceTree = "<group>"; };
		B6806ECF1661A986001B52CF /* HighScores.h */ = {isa = PBXFileReference; fileEncoding = 4; lastKnownFileType = sourcecode.c.h; path = HighScores.h; sourceTree = "<group>"; };
		B6806ED01661A986001B52CF /* HighScores.m */ = {isa = PBXFileReference; fileEncoding = 4; lastKnownFileType = sourcecode.c.objc; path = HighScores.m; sourceTree = "<group>"; };
		B6806ED11661A987001B52CF /* HighScores.xib */ = {isa = PBXFileReference; fileEncoding = 4; lastKnownFileType = file.xib; path = HighScores.xib; sourceTree = "<group>"; };
		B68AEAF117551CFD00B02D81 /* BrainCalcStartUp.png */ = {isa = PBXFileReference; lastKnownFileType = image.png; name = BrainCalcStartUp.png; path = ../../Folders/Pictures/BrainCalcStartUp.png; sourceTree = "<group>"; };
		B68AEAF3175665AE00B02D81 /* BrainCalcStartUp-568h@2x.png */ = {isa = PBXFileReference; lastKnownFileType = image.png; path = "BrainCalcStartUp-568h@2x.png"; sourceTree = "<group>"; };
		B68AEAF51756661400B02D81 /* BrainBuilderCalc57.png */ = {isa = PBXFileReference; lastKnownFileType = image.png; name = BrainBuilderCalc57.png; path = ../../Folders/Pictures/BrainBuilderCalc57.png; sourceTree = "<group>"; };
		B68AEB1617567FA400B02D81 /* CalcRootViewController.h */ = {isa = PBXFileReference; fileEncoding = 4; lastKnownFileType = sourcecode.c.h; path = CalcRootViewController.h; sourceTree = "<group>"; };
		B68AEB1717567FA400B02D81 /* CalcRootViewController.m */ = {isa = PBXFileReference; fileEncoding = 4; lastKnownFileType = sourcecode.c.objc; path = CalcRootViewController.m; sourceTree = "<group>"; };
		B68AEB1817567FA400B02D81 /* CalcRootViewController.xib */ = {isa = PBXFileReference; fileEncoding = 4; lastKnownFileType = file.xib; path = CalcRootViewController.xib; sourceTree = "<group>"; };
		B6B958BB1784DF45004294AA /* WebViewController.h */ = {isa = PBXFileReference; fileEncoding = 4; lastKnownFileType = sourcecode.c.h; path = WebViewController.h; sourceTree = "<group>"; };
		B6B958BC1784DF45004294AA /* WebViewController.m */ = {isa = PBXFileReference; fileEncoding = 4; lastKnownFileType = sourcecode.c.objc; path = WebViewController.m; sourceTree = "<group>"; };
		B6B958BD1784DF46004294AA /* WebViewController.xib */ = {isa = PBXFileReference; fileEncoding = 4; lastKnownFileType = file.xib; path = WebViewController.xib; sourceTree = "<group>"; };
/* End PBXFileReference section */

/* Begin PBXFrameworksBuildPhase section */
		B6806E7C16618A6A001B52CF /* Frameworks */ = {
			isa = PBXFrameworksBuildPhase;
			buildActionMask = 2147483647;
			files = (
				B64198451708FE5C00D2E47C /* iAd.framework in Frameworks */,
				B6806E8416618A6A001B52CF /* UIKit.framework in Frameworks */,
				B6806E8616618A6A001B52CF /* Foundation.framework in Frameworks */,
				B6806E8816618A6A001B52CF /* CoreGraphics.framework in Frameworks */,
			);
			runOnlyForDeploymentPostprocessing = 0;
		};
		B6806E9616618A6B001B52CF /* Frameworks */ = {
			isa = PBXFrameworksBuildPhase;
			buildActionMask = 2147483647;
			files = (
				B6806E9C16618A6B001B52CF /* SenTestingKit.framework in Frameworks */,
				B6806E9D16618A6B001B52CF /* UIKit.framework in Frameworks */,
				B6806E9E16618A6B001B52CF /* Foundation.framework in Frameworks */,
			);
			runOnlyForDeploymentPostprocessing = 0;
		};
/* End PBXFrameworksBuildPhase section */

/* Begin PBXGroup section */
		B6806E7416618A69001B52CF = {
			isa = PBXGroup;
			children = (
				B68AEAF51756661400B02D81 /* BrainBuilderCalc57.png */,
				B68AEAF3175665AE00B02D81 /* BrainCalcStartUp-568h@2x.png */,
				B68AEAF117551CFD00B02D81 /* BrainCalcStartUp.png */,
				B661524517541DC40076BFC8 /* BrainBuilderCalc1024_2.png */,
				B63418AA174D4A1B0040891B /* Default-568h@2x.png */,
				B6806E8916618A6A001B52CF /* BrainBuilderCalc */,
				B6806EA116618A6B001B52CF /* BrainBuilderCalcTests */,
				B6806E8216618A6A001B52CF /* Frameworks */,
				B6806E8016618A6A001B52CF /* Products */,
			);
			sourceTree = "<group>";
		};
		B6806E8016618A6A001B52CF /* Products */ = {
			isa = PBXGroup;
			children = (
				B6806E7F16618A6A001B52CF /* BrainBuilderCalc.app */,
				B6806E9A16618A6B001B52CF /* BrainBuilderCalcTests.octest */,
			);
			name = Products;
			sourceTree = "<group>";
		};
		B6806E8216618A6A001B52CF /* Frameworks */ = {
			isa = PBXGroup;
			children = (
				B64198441708FE5C00D2E47C /* iAd.framework */,
				B6806E8316618A6A001B52CF /* UIKit.framework */,
				B6806E8516618A6A001B52CF /* Foundation.framework */,
				B6806E8716618A6A001B52CF /* CoreGraphics.framework */,
				B6806E9B16618A6B001B52CF /* SenTestingKit.framework */,
			);
			name = Frameworks;
			sourceTree = "<group>";
		};
		B6806E8916618A6A001B52CF /* BrainBuilderCalc */ = {
			isa = PBXGroup;
			children = (
				B6806E9216618A6A001B52CF /* AppDelegate.h */,
				B6806E9316618A6A001B52CF /* AppDelegate.m */,
				B68AEB1617567FA400B02D81 /* CalcRootViewController.h */,
				B68AEB1717567FA400B02D81 /* CalcRootViewController.m */,
				B68AEB1817567FA400B02D81 /* CalcRootViewController.xib */,
				B6806EB716618B7C001B52CF /* GamePage.h */,
				B6806EB816618B7C001B52CF /* GamePage.m */,
				B6806EB916618B7C001B52CF /* GamePage.xib */,
				B6806EBF166198B0001B52CF /* FirstDerivitivePage.h */,
				B6806EC0166198B0001B52CF /* FirstDerivitivePage.m */,
				B6806EC1166198B0001B52CF /* FirstDerivitivePage.xib */,
				B6806EC4166198CC001B52CF /* SecondDerivitive.h */,
				B6806EC5166198CC001B52CF /* SecondDerivitive.m */,
				B6806EC6166198CC001B52CF /* SecondDerivitive.xib */,
				B63A34CC1705FF52001CDDFD /* IndefiniteIntegral.h */,
				B63A34CD1705FF52001CDDFD /* IndefiniteIntegral.m */,
				B63A34CE1705FF52001CDDFD /* IndefiniteIntegral.xib */,
				B6806ECF1661A986001B52CF /* HighScores.h */,
				B6806ED01661A986001B52CF /* HighScores.m */,
				B6806ED11661A987001B52CF /* HighScores.xib */,
				B6B958BB1784DF45004294AA /* WebViewController.h */,
				B6B958BC1784DF45004294AA /* WebViewController.m */,
				B6B958BD1784DF46004294AA /* WebViewController.xib */,
				B6806EBC16619029001B52CF /* LimitsHolder.h */,
				B6806EBD16619029001B52CF /* LimitsHolder.m */,
				B6806EC916619FC6001B52CF /* FirstDervHolder.h */,
				B6806ECA16619FC6001B52CF /* FirstDervHolder.m */,
				B6806ECC16619FD8001B52CF /* SecondDervHolder.h */,
				B6806ECD16619FD8001B52CF /* SecondDervHolder.m */,
				B63A34D117066EFF001CDDFD /* IndefiniteIntegralHolder.h */,
				B63A34D217066EFF001CDDFD /* IndefiniteIntegralHolder.m */,
				B64198461709001C00D2E47C /* DefiniteIntegralHolder.h */,
				B64198471709001C00D2E47C /* DefiniteIntegralHolder.m */,
				B6806E8A16618A6A001B52CF /* Supporting Files */,
			);
			path = BrainBuilderCalc;
			sourceTree = "<group>";
		};
		B6806E8A16618A6A001B52CF /* Supporting Files */ = {
			isa = PBXGroup;
			children = (
				B6806E8B16618A6A001B52CF /* BrainBuilderCalc-Info.plist */,
				B6806E8C16618A6A001B52CF /* InfoPlist.strings */,
				B6806E8F16618A6A001B52CF /* main.m */,
				B6806E9116618A6A001B52CF /* BrainBuilderCalc-Prefix.pch */,
			);
			name = "Supporting Files";
			sourceTree = "<group>";
		};
		B6806EA116618A6B001B52CF /* BrainBuilderCalcTests */ = {
			isa = PBXGroup;
			children = (
				B6806EA716618A6B001B52CF /* BrainBuilderCalcTests.h */,
				B6806EA816618A6B001B52CF /* BrainBuilderCalcTests.m */,
				B6806EA216618A6B001B52CF /* Supporting Files */,
			);
			path = BrainBuilderCalcTests;
			sourceTree = "<group>";
		};
		B6806EA216618A6B001B52CF /* Supporting Files */ = {
			isa = PBXGroup;
			children = (
				B6806EA316618A6B001B52CF /* BrainBuilderCalcTests-Info.plist */,
				B6806EA416618A6B001B52CF /* InfoPlist.strings */,
			);
			name = "Supporting Files";
			sourceTree = "<group>";
		};
/* End PBXGroup section */

/* Begin PBXNativeTarget section */
		B6806E7E16618A6A001B52CF /* BrainBuilderCalc */ = {
			isa = PBXNativeTarget;
			buildConfigurationList = B6806EAC16618A6B001B52CF /* Build configuration list for PBXNativeTarget "BrainBuilderCalc" */;
			buildPhases = (
				B6806E7B16618A6A001B52CF /* Sources */,
				B6806E7C16618A6A001B52CF /* Frameworks */,
				B6806E7D16618A6A001B52CF /* Resources */,
			);
			buildRules = (
			);
			dependencies = (
			);
			name = BrainBuilderCalc;
			productName = BrainBuilderCalc;
			productReference = B6806E7F16618A6A001B52CF /* BrainBuilderCalc.app */;
			productType = "com.apple.product-type.application";
		};
		B6806E9916618A6B001B52CF /* BrainBuilderCalcTests */ = {
			isa = PBXNativeTarget;
			buildConfigurationList = B6806EAF16618A6B001B52CF /* Build configuration list for PBXNativeTarget "BrainBuilderCalcTests" */;
			buildPhases = (
				B6806E9516618A6B001B52CF /* Sources */,
				B6806E9616618A6B001B52CF /* Frameworks */,
				B6806E9716618A6B001B52CF /* Resources */,
				B6806E9816618A6B001B52CF /* ShellScript */,
			);
			buildRules = (
			);
			dependencies = (
				B6806EA016618A6B001B52CF /* PBXTargetDependency */,
			);
			name = BrainBuilderCalcTests;
			productName = BrainBuilderCalcTests;
			productReference = B6806E9A16618A6B001B52CF /* BrainBuilderCalcTests.octest */;
			productType = "com.apple.product-type.bundle";
		};
/* End PBXNativeTarget section */

/* Begin PBXProject section */
		B6806E7616618A69001B52CF /* Project object */ = {
			isa = PBXProject;
			attributes = {
				LastUpgradeCheck = 0460;
			};
			buildConfigurationList = B6806E7916618A69001B52CF /* Build configuration list for PBXProject "BrainBuilderCalc" */;
			compatibilityVersion = "Xcode 3.2";
			developmentRegion = English;
			hasScannedForEncodings = 0;
			knownRegions = (
				en,
			);
			mainGroup = B6806E7416618A69001B52CF;
			productRefGroup = B6806E8016618A6A001B52CF /* Products */;
			projectDirPath = "";
			projectRoot = "";
			targets = (
				B6806E7E16618A6A001B52CF /* BrainBuilderCalc */,
				B6806E9916618A6B001B52CF /* BrainBuilderCalcTests */,
			);
		};
/* End PBXProject section */

/* Begin PBXResourcesBuildPhase section */
		B6806E7D16618A6A001B52CF /* Resources */ = {
			isa = PBXResourcesBuildPhase;
			buildActionMask = 2147483647;
			files = (
				B6806E8E16618A6A001B52CF /* InfoPlist.strings in Resources */,
				B6806EBB16618B7C001B52CF /* GamePage.xib in Resources */,
				B6806EC3166198B0001B52CF /* FirstDerivitivePage.xib in Resources */,
				B6806EC8166198CD001B52CF /* SecondDerivitive.xib in Resources */,
				B6806ED31661A988001B52CF /* HighScores.xib in Resources */,
				B63A34D01705FF53001CDDFD /* IndefiniteIntegral.xib in Resources */,
				B63418AB174D4A1B0040891B /* Default-568h@2x.png in Resources */,
				B661524617541DC40076BFC8 /* BrainBuilderCalc1024_2.png in Resources */,
				B68AEAF217551CFD00B02D81 /* BrainCalcStartUp.png in Resources */,
				B68AEAF4175665AE00B02D81 /* BrainCalcStartUp-568h@2x.png in Resources */,
				B68AEAF61756661400B02D81 /* BrainBuilderCalc57.png in Resources */,
				B68AEB1A17567FA400B02D81 /* CalcRootViewController.xib in Resources */,
				B6B958BF1784DF47004294AA /* WebViewController.xib in Resources */,
			);
			runOnlyForDeploymentPostprocessing = 0;
		};
		B6806E9716618A6B001B52CF /* Resources */ = {
			isa = PBXResourcesBuildPhase;
			buildActionMask = 2147483647;
			files = (
				B6806EA616618A6B001B52CF /* InfoPlist.strings in Resources */,
			);
			runOnlyForDeploymentPostprocessing = 0;
		};
/* End PBXResourcesBuildPhase section */

/* Begin PBXShellScriptBuildPhase section */
		B6806E9816618A6B001B52CF /* ShellScript */ = {
			isa = PBXShellScriptBuildPhase;
			buildActionMask = 2147483647;
			files = (
			);
			inputPaths = (
			);
			outputPaths = (
			);
			runOnlyForDeploymentPostprocessing = 0;
			shellPath = /bin/sh;
			shellScript = "# Run the unit tests in this test bundle.\n\"${SYSTEM_DEVELOPER_DIR}/Tools/RunUnitTests\"\n";
		};
/* End PBXShellScriptBuildPhase section */

/* Begin PBXSourcesBuildPhase section */
		B6806E7B16618A6A001B52CF /* Sources */ = {
			isa = PBXSourcesBuildPhase;
			buildActionMask = 2147483647;
			files = (
				B6806E9016618A6A001B52CF /* main.m in Sources */,
				B6806E9416618A6A001B52CF /* AppDelegate.m in Sources */,
				B6806EBA16618B7C001B52CF /* GamePage.m in Sources */,
				B6806EBE16619029001B52CF /* LimitsHolder.m in Sources */,
				B6806EC2166198B0001B52CF /* FirstDerivitivePage.m in Sources */,
				B6806EC7166198CD001B52CF /* SecondDerivitive.m in Sources */,
				B6806ECB16619FC6001B52CF /* FirstDervHolder.m in Sources */,
				B6806ECE16619FDA001B52CF /* SecondDervHolder.m in Sources */,
				B6806ED21661A988001B52CF /* HighScores.m in Sources */,
				B63A34CF1705FF53001CDDFD /* IndefiniteIntegral.m in Sources */,
				B63A34D317066F00001CDDFD /* IndefiniteIntegralHolder.m in Sources */,
				B64198481709001C00D2E47C /* DefiniteIntegralHolder.m in Sources */,
				B68AEB1917567FA400B02D81 /* CalcRootViewController.m in Sources */,
				B6B958BE1784DF47004294AA /* WebViewController.m in Sources */,
			);
			runOnlyForDeploymentPostprocessing = 0;
		};
		B6806E9516618A6B001B52CF /* Sources */ = {
			isa = PBXSourcesBuildPhase;
			buildActionMask = 2147483647;
			files = (
				B6806EA916618A6B001B52CF /* BrainBuilderCalcTests.m in Sources */,
			);
			runOnlyForDeploymentPostprocessing = 0;
		};
/* End PBXSourcesBuildPhase section */

/* Begin PBXTargetDependency section */
		B6806EA016618A6B001B52CF /* PBXTargetDependency */ = {
			isa = PBXTargetDependency;
			target = B6806E7E16618A6A001B52CF /* BrainBuilderCalc */;
			targetProxy = B6806E9F16618A6B001B52CF /* PBXContainerItemProxy */;
		};
/* End PBXTargetDependency section */

/* Begin PBXVariantGroup section */
		B6806E8C16618A6A001B52CF /* InfoPlist.strings */ = {
			isa = PBXVariantGroup;
			children = (
				B6806E8D16618A6A001B52CF /* en */,
			);
			name = InfoPlist.strings;
			sourceTree = "<group>";
		};
		B6806EA416618A6B001B52CF /* InfoPlist.strings */ = {
			isa = PBXVariantGroup;
			children = (
				B6806EA516618A6B001B52CF /* en */,
			);
			name = InfoPlist.strings;
			sourceTree = "<group>";
		};
/* End PBXVariantGroup section */

/* Begin XCBuildConfiguration section */
		B6806EAA16618A6B001B52CF /* Debug */ = {
			isa = XCBuildConfiguration;
			buildSettings = {
				ALWAYS_SEARCH_USER_PATHS = NO;
				ARCHS = "$(ARCHS_STANDARD_32_BIT)";
				CLANG_ENABLE_OBJC_ARC = YES;
				CLANG_WARN_CONSTANT_CONVERSION = YES;
				CLANG_WARN_ENUM_CONVERSION = YES;
				CLANG_WARN_INT_CONVERSION = YES;
				CLANG_WARN__DUPLICATE_METHOD_MATCH = YES;
				"CODE_SIGN_IDENTITY[sdk=iphoneos*]" = "iPhone Developer";
				COPY_PHASE_STRIP = NO;
				GCC_C_LANGUAGE_STANDARD = gnu99;
				GCC_DYNAMIC_NO_PIC = NO;
				GCC_OPTIMIZATION_LEVEL = 0;
				GCC_PREPROCESSOR_DEFINITIONS = (
					"DEBUG=1",
					"$(inherited)",
				);
				GCC_SYMBOLS_PRIVATE_EXTERN = NO;
				GCC_VERSION = com.apple.compilers.llvm.clang.1_0;
				GCC_WARN_ABOUT_MISSING_PROTOTYPES = YES;
				GCC_WARN_ABOUT_RETURN_TYPE = YES;
				GCC_WARN_UNINITIALIZED_AUTOS = YES;
				GCC_WARN_UNUSED_VARIABLE = YES;
				IPHONEOS_DEPLOYMENT_TARGET = 6.0;
				SDKROOT = iphoneos;
			};
			name = Debug;
		};
		B6806EAB16618A6B001B52CF /* Release */ = {
			isa = XCBuildConfiguration;
			buildSettings = {
				ALWAYS_SEARCH_USER_PATHS = NO;
				ARCHS = "$(ARCHS_STANDARD_32_BIT)";
				CLANG_ENABLE_OBJC_ARC = YES;
				CLANG_WARN_CONSTANT_CONVERSION = YES;
				CLANG_WARN_ENUM_CONVERSION = YES;
				CLANG_WARN_INT_CONVERSION = YES;
				CLANG_WARN__DUPLICATE_METHOD_MATCH = YES;
				"CODE_SIGN_IDENTITY[sdk=iphoneos*]" = "iPhone Developer";
				COPY_PHASE_STRIP = YES;
				GCC_C_LANGUAGE_STANDARD = gnu99;
				GCC_VERSION = com.apple.compilers.llvm.clang.1_0;
				GCC_WARN_ABOUT_MISSING_PROTOTYPES = YES;
				GCC_WARN_ABOUT_RETURN_TYPE = YES;
				GCC_WARN_UNINITIALIZED_AUTOS = YES;
				GCC_WARN_UNUSED_VARIABLE = YES;
				IPHONEOS_DEPLOYMENT_TARGET = 6.0;
				OTHER_CFLAGS = "-DNS_BLOCK_ASSERTIONS=1";
				SDKROOT = iphoneos;
				VALIDATE_PRODUCT = YES;
			};
			name = Release;
		};
		B6806EAD16618A6B001B52CF /* Debug */ = {
			isa = XCBuildConfiguration;
			buildSettings = {
				GCC_PRECOMPILE_PREFIX_HEADER = YES;
				GCC_PREFIX_HEADER = "BrainBuilderCalc/BrainBuilderCalc-Prefix.pch";
				INFOPLIST_FILE = "BrainBuilderCalc/BrainBuilderCalc-Info.plist";
				IPHONEOS_DEPLOYMENT_TARGET = 6.0;
				PRODUCT_NAME = "$(TARGET_NAME)";
				WRAPPER_EXTENSION = app;
			};
			name = Debug;
		};
		B6806EAE16618A6B001B52CF /* Release */ = {
			isa = XCBuildConfiguration;
			buildSettings = {
				GCC_PRECOMPILE_PREFIX_HEADER = YES;
				GCC_PREFIX_HEADER = "BrainBuilderCalc/BrainBuilderCalc-Prefix.pch";
				INFOPLIST_FILE = "BrainBuilderCalc/BrainBuilderCalc-Info.plist";
				IPHONEOS_DEPLOYMENT_TARGET = 6.0;
				PRODUCT_NAME = "$(TARGET_NAME)";
				WRAPPER_EXTENSION = app;
			};
			name = Release;
		};
		B6806EB016618A6B001B52CF /* Debug */ = {
			isa = XCBuildConfiguration;
			buildSettings = {
				BUNDLE_LOADER = "$(BUILT_PRODUCTS_DIR)/BrainBuilderCalc.app/BrainBuilderCalc";
				FRAMEWORK_SEARCH_PATHS = (
					"$(SDKROOT)/Developer/Library/Frameworks",
					"$(DEVELOPER_LIBRARY_DIR)/Frameworks",
				);
				GCC_PRECOMPILE_PREFIX_HEADER = YES;
				GCC_PREFIX_HEADER = "BrainBuilderCalc/BrainBuilderCalc-Prefix.pch";
				INFOPLIST_FILE = "BrainBuilderCalcTests/BrainBuilderCalcTests-Info.plist";
				PRODUCT_NAME = "$(TARGET_NAME)";
				TEST_HOST = "$(BUNDLE_LOADER)";
				WRAPPER_EXTENSION = octest;
			};
			name = Debug;
		};
		B6806EB116618A6B001B52CF /* Release */ = {
			isa = XCBuildConfiguration;
			buildSettings = {
				BUNDLE_LOADER = "$(BUILT_PRODUCTS_DIR)/BrainBuilderCalc.app/BrainBuilderCalc";
				FRAMEWORK_SEARCH_PATHS = (
					"$(SDKROOT)/Developer/Library/Frameworks",
					"$(DEVELOPER_LIBRARY_DIR)/Frameworks",
				);
				GCC_PRECOMPILE_PREFIX_HEADER = YES;
				GCC_PREFIX_HEADER = "BrainBuilderCalc/BrainBuilderCalc-Prefix.pch";
				INFOPLIST_FILE = "BrainBuilderCalcTests/BrainBuilderCalcTests-Info.plist";
				PRODUCT_NAME = "$(TARGET_NAME)";
				TEST_HOST = "$(BUNDLE_LOADER)";
				WRAPPER_EXTENSION = octest;
			};
			name = Release;
		};
/* End XCBuildConfiguration section */

/* Begin XCConfigurationList section */
		B6806E7916618A69001B52CF /* Build configuration list for PBXProject "BrainBuilderCalc" */ = {
			isa = XCConfigurationList;
			buildConfigurations = (
				B6806EAA16618A6B001B52CF /* Debug */,
				B6806EAB16618A6B001B52CF /* Release */,
			);
			defaultConfigurationIsVisible = 0;
			defaultConfigurationName = Release;
		};
		B6806EAC16618A6B001B52CF /* Build configuration list for PBXNativeTarget "BrainBuilderCalc" */ = {
			isa = XCConfigurationList;
			buildConfigurations = (
				B6806EAD16618A6B001B52CF /* Debug */,
				B6806EAE16618A6B001B52CF /* Release */,
			);
			defaultConfigurationIsVisible = 0;
			defaultConfigurationName = Release;
		};
		B6806EAF16618A6B001B52CF /* Build configuration list for PBXNativeTarget "BrainBuilderCalcTests" */ = {
			isa = XCConfigurationList;
			buildConfigurations = (
				B6806EB016618A6B001B52CF /* Debug */,
				B6806EB116618A6B001B52CF /* Release */,
			);
			defaultConfigurationIsVisible = 0;
			defaultConfigurationName = Release;
		};
/* End XCConfigurationList section */
	};
	rootObject = B6806E7616618A69001B52CF /* Project object */;
}
